{
  "name": "@cerbanimo/production-successor",
  "version": "0.3.0-packet.003",
  "lockfileVersion": 3,
  "requires": true,
  "packages": {
    "": {
      "name": "@cerbanimo/production-successor",
      "version": "0.3.0-packet.003",
      "workspaces": [
        "packages/*"
      ],
      "devDependencies": {
        "typescript": "5.9.3"
      },
      "engines": {
        "node": ">=22.16.0"
      }
    },
    "node_modules/@cerbanimo/commands": {
      "resolved": "packages/commands",
      "link": true
    },
    "node_modules/@cerbanimo/domain": {
      "resolved": "packages/domain",
      "link": true
    },
    "node_modules/@cerbanimo/events": {
      "resolved": "packages/events",
      "link": true
    },
    "node_modules/@cerbanimo/evidence-store": {
      "resolved": "packages/evidence-store",
      "link": true
    },
    "node_modules/@cerbanimo/proof": {
      "resolved": "packages/proof",
      "link": true
    },
    "node_modules/@cerbanimo/review": {
      "resolved": "packages/review",
      "link": true
    },
    "node_modules/@cerbanimo/schemas": {
      "resolved": "packages/schemas",
      "link": true
    },
    "node_modules/@cerbanimo/secret-vault": {
      "resolved": "packages/secret-vault",
      "link": true
    },
    "node_modules/@cerbanimo/storage-sqlite": {
      "resolved": "packages/storage-sqlite",
      "link": true
    },
    "node_modules/typescript": {
      "version": "5.9.3",
      "resolved": "https://registry.npmjs.org/typescript/-/typescript-5.9.3.tgz",
      "integrity": "sha512-jl1vZzPDinLr9eUt3J/t7V6FgNEw9QjvBPdysz9KfQDD41fQrC2Y4vKQdiaUpFT4bXlb1RHhLpp8wtm6M5TgSw==",
      "dev": true,
      "license": "Apache-2.0",
      "bin": {
        "tsc": "bin/tsc",
        "tsserver": "bin/tsserver"
      },
      "engines": {
        "node": ">=14.17"
      }
    },
    "packages/commands": {
      "name": "@cerbanimo/commands",
      "version": "1.0.0",
      "dependencies": {
        "@cerbanimo/schemas": "1.0.0"
      }
    },
    "packages/domain": {
      "name": "@cerbanimo/domain",
      "version": "1.0.0",
      "dependencies": {
        "@cerbanimo/commands": "1.0.0",
        "@cerbanimo/events": "1.0.0",
        "@cerbanimo/schemas": "1.0.0"
      }
    },
    "packages/events": {
      "name": "@cerbanimo/events",
      "version": "1.0.0",
      "dependencies": {
        "@cerbanimo/schemas": "1.0.0"
      }
    },
    "packages/evidence-store": {
      "name": "@cerbanimo/evidence-store",
      "version": "0.3.0-packet.003",
      "dependencies": {
        "@cerbanimo/proof": "0.3.0-packet.003"
      },
      "engines": {
        "node": ">=22.16.0"
      }
    },
    "packages/proof": {
      "name": "@cerbanimo/proof",
      "version": "0.3.0-packet.003",
      "engines": {
        "node": ">=22.16.0"
      }
    },
    "packages/review": {
      "name": "@cerbanimo/review",
      "version": "0.3.0-packet.003",
      "dependencies": {
        "@cerbanimo/proof": "0.3.0-packet.003"
      },
      "engines": {
        "node": ">=22.16.0"
      }
    },
    "packages/schemas": {
      "name": "@cerbanimo/schemas",
      "version": "1.0.0"
    },
    "packages/secret-vault": {
      "name": "@cerbanimo/secret-vault",
      "version": "0.2.0-packet.002",
      "engines": {
        "node": ">=22.16.0"
      }
    },
    "packages/storage-sqlite": {
      "name": "@cerbanimo/storage-sqlite",
      "version": "0.2.0-packet.002",
      "engines": {
        "node": ">=22.16.0"
      }
    }
  }
}
